---
path: ".gem_rbs_collection"
gems:
- name: activesupport
  version: '7.0'
  source:
    type: git
    name: ruby/gem_rbs_collection
    revision: 7ff8cf6ab2759cb1d0fb2ca8d6c1f8ccab2c605c
    remote: https://github.com/ruby/gem_rbs_collection.git
    repo_dir: gems
- name: base64
  version: '0'
  source:
    type: stdlib
- name: benchmark
  version: '0'
  source:
    type: stdlib
- name: bigdecimal
  version: '0'
  source:
    type: stdlib
- name: concurrent-ruby
  version: '1.1'
  source:
    type: git
    name: ruby/gem_rbs_collection
    revision: 7ff8cf6ab2759cb1d0fb2ca8d6c1f8ccab2c605c
    remote: https://github.com/ruby/gem_rbs_collection.git
    repo_dir: gems
- name: connection_pool
  version: '2.4'
  source:
    type: git
    name: ruby/gem_rbs_collection
    revision: 7ff8cf6ab2759cb1d0fb2ca8d6c1f8ccab2c605c
    remote: https://github.com/ruby/gem_rbs_collection.git
    repo_dir: gems
- name: date
  version: '0'
  source:
    type: stdlib
- name: digest
  version: '0'
  source:
    type: stdlib
- name: erb
  version: '0'
  source:
    type: stdlib
- name: fileutils
  version: '0'
  source:
    type: stdlib
- name: i18n
  version: '1.10'
  source:
    type: git
    name: ruby/gem_rbs_collection
    revision: 7ff8cf6ab2759cb1d0fb2ca8d6c1f8ccab2c605c
    remote: https://github.com/ruby/gem_rbs_collection.git
    repo_dir: gems
- name: io-console
  version: '0'
  source:
    type: stdlib
- name: json
  version: '0'
  source:
    type: stdlib
- name: logger
  version: '0'
  source:
    type: stdlib
- name: minitest
  version: '0'
  source:
    type: stdlib
- name: monitor
  version: '0'
  source:
    type: stdlib
- name: mutex_m
  version: '0'
  source:
    type: stdlib
- name: openssl
  version: '0'
  source:
    type: stdlib
- name: optparse
  version: '0'
  source:
    type: stdlib
- name: pathname
  version: '0'
  source:
    type: stdlib
- name: rake
  version: '13.0'
  source:
    type: git
    name: ruby/gem_rbs_collection
    revision: 7ff8cf6ab2759cb1d0fb2ca8d6c1f8ccab2c605c
    remote: https://github.com/ruby/gem_rbs_collection.git
    repo_dir: gems
- name: rbs
  version: 3.8.1
  source:
    type: rubygems
- name: rdoc
  version: '0'
  source:
    type: stdlib
- name: securerandom
  version: '0'
  source:
    type: stdlib
- name: singleton
  version: '0'
  source:
    type: stdlib
- name: socket
  version: '0'
  source:
    type: stdlib
- name: time
  version: '0'
  source:
    type: stdlib
- name: timeout
  version: '0'
  source:
    type: stdlib
- name: tsort
  version: '0'
  source:
    type: stdlib
- name: tzinfo
  version: '2.0'
  source:
    type: git
    name: ruby/gem_rbs_collection
    revision: 7ff8cf6ab2759cb1d0fb2ca8d6c1f8ccab2c605c
    remote: https://github.com/ruby/gem_rbs_collection.git
    repo_dir: gems
gemfile_lock_path: Gemfile.lock
